// !$*UTF8*$!
{
	archiveVersion = 1;
	classes = {
	};
	objectVersion = 48;
	objects = {

/* Begin PBXBuildFile section */
		454434831F78B9AC007267FD /* AppDelegate.swift in Sources */ = {isa = PBXBuildFile; fileRef = 454434821F78B9AC007267FD /* AppDelegate.swift */; };
		454434851F78B9AC007267FD /* KivaTableViewController.swift in Sources */ = {isa = PBXBuildFile; fileRef = 454434841F78B9AC007267FD /* KivaTableViewController.swift */; };
		454434881F78B9AC007267FD /* Main.storyboard in Resources */ = {isa = PBXBuildFile; fileRef = 454434861F78B9AC007267FD /* Main.storyboard */; };
		4544348A1F78B9AC007267FD /* Assets.xcassets in Resources */ = {isa = PBXBuildFile; fileRef = 454434891F78B9AC007267FD /* Assets.xcassets */; };
		4544348D1F78B9AC007267FD /* LaunchScreen.storyboard in Resources */ = {isa = PBXBuildFile; fileRef = 4544348B1F78B9AC007267FD /* LaunchScreen.storyboard */; };
		4544349C1F78BE51007267FD /* Loan.swift in Sources */ = {isa = PBXBuildFile; fileRef = 4544349B1F78BE51007267FD /* Loan.swift */; };
		4544349E1F78C38D007267FD /* KivaCell.swift in Sources */ = {isa = PBXBuildFile; fileRef = 4544349D1F78C38D007267FD /* KivaCell.swift */; };
/* End PBXBuildFile section */

/* Begin PBXFileReference section */
		4544347F1F78B9AC007267FD /* WorkWithJSON.app */ = {isa = PBXFileReference; explicitFileType = wrapper.application; includeInIndex = 0; path = WorkWithJSON.app; sourceTree = BUILT_PRODUCTS_DIR; };
		454434821F78B9AC007267FD /* AppDelegate.swift */ = {isa = PBXFileReference; lastKnownFileType = sourcecode.swift; path = AppDelegate.swift; sourceTree = "<group>"; };
		454434841F78B9AC007267FD /* KivaTableViewController.swift */ = {isa = PBXFileReference; lastKnownFileType = sourcecode.swift; path = KivaTableViewController.swift; sourceTree = "<group>"; };
		454434871F78B9AC007267FD /* Base */ = {isa = PBXFileReference; lastKnownFileType = file.storyboard; name = Base; path = Base.lproj/Main.storyboard; sourceTree = "<group>"; };
		454434891F78B9AC007267FD /* Assets.xcassets */ = {isa = PBXFileReference; lastKnownFileType = folder.assetcatalog; path = Assets.xcassets; sourceTree = "<group>"; };
		4544348C1F78B9AC007267FD /* Base */ = {isa = PBXFileReference; lastKnownFileType = file.storyboard; name = Base; path = Base.lproj/LaunchScreen.storyboard; sourceTree = "<group>"; };
		4544348E1F78B9AC007267FD /* Info.plist */ = {isa = PBXFileReference; lastKnownFileType = text.plist.xml; path = Info.plist; sourceTree = "<group>"; };
		4544349B1F78BE51007267FD /* Loan.swift */ = {isa = PBXFileReference; lastKnownFileType = sourcecode.swift; path = Loan.swift; sourceTree = "<group>"; };
		4544349D1F78C38D007267FD /* KivaCell.swift */ = {isa = PBXFileReference; lastKnownFileType = sourcecode.swift; path = KivaCell.swift; sourceTree = "<group>"; };
/* End PBXFileReference section */

/* Begin PBXFrameworksBuildPhase section */
		4544347C1F78B9AC007267FD /* Frameworks */ = {
			isa = PBXFrameworksBuildPhase;
			buildActionMask = 2147483647;
			files = (
			);
			runOnlyForDeploymentPostprocessing = 0;
		};
/* End PBXFrameworksBuildPhase section */

/* Begin PBXGroup section */
		454434761F78B9AC007267FD = {
			isa = PBXGroup;
			children = (
				454434811F78B9AC007267FD /* WorkWithJSON */,
				454434801F78B9AC007267FD /* Products */,
			);
			sourceTree = "<group>";
		};
		454434801F78B9AC007267FD /* Products */ = {
			isa = PBXGroup;
			children = (
				4544347F1F78B9AC007267FD /* WorkWithJSON.app */,
			);
			name = Products;
			sourceTree = "<group>";
		};
		454434811F78B9AC007267FD /* WorkWithJSON */ = {
			isa = PBXGroup;
			children = (
				454434941F78B9B7007267FD /* Resources */,
				4544349A1F78BE41007267FD /* Model */,
				454434951F78B9C3007267FD /* View */,
				454434961F78B9D2007267FD /* Controller */,
			);
			path = WorkWithJSON;
			sourceTree = "<group>";
		};
		454434941F78B9B7007267FD /* Resources */ = {
			isa = PBXGroup;
			children = (
				454434891F78B9AC007267FD /* Assets.xcassets */,
				4544348E1F78B9AC007267FD /* Info.plist */,
			);
			path = Resources;
			sourceTree = "<group>";
		};
		454434951F78B9C3007267FD /* View */ = {
			isa = PBXGroup;
			children = (
				4544348B1F78B9AC007267FD /* LaunchScreen.storyboard */,
				454434861F78B9AC007267FD /* Main.storyboard */,
				4544349D1F78C38D007267FD /* KivaCell.swift */,
			);
			path = View;
			sourceTree = "<group>";
		};
		454434961F78B9D2007267FD /* Controller */ = {
			isa = PBXGroup;
			children = (
				454434821F78B9AC007267FD /* AppDelegate.swift */,
				454434841F78B9AC007267FD /* KivaTableViewController.swift */,
			);
			path = Controller;
			sourceTree = "<group>";
		};
		4544349A1F78BE41007267FD /* Model */ = {
			isa = PBXGroup;
			children = (
				4544349B1F78BE51007267FD /* Loan.swift */,
			);
			path = Model;
			sourceTree = "<group>";
		};
/* End PBXGroup section */

/* Begin PBXNativeTarget section */
		4544347E1F78B9AC007267FD /* WorkWithJSON */ = {
			isa = PBXNativeTarget;
			buildConfigurationList = 454434911F78B9AC007267FD /* Build configuration list for PBXNativeTarget "WorkWithJSON" */;
			buildPhases = (
				4544347B1F78B9AC007267FD /* Sources */,
				4544347C1F78B9AC007267FD /* Frameworks */,
				4544347D1F78B9AC007267FD /* Resources */,
			);
			buildRules = (
			);
			dependencies = (
			);
			name = WorkWithJSON;
			productName = WorkWithJSON;
			productReference = 4544347F1F78B9AC007267FD /* WorkWithJSON.app */;
			productType = "com.apple.product-type.application";
		};
/* End PBXNativeTarget section */

/* Begin PBXProject section */
		454434771F78B9AC007267FD /* Project object */ = {
			isa = PBXProject;
			attributes = {
				LastSwiftUpdateCheck = 0900;
				LastUpgradeCheck = 0900;
				ORGANIZATIONNAME = "Chris Huang";
				TargetAttributes = {
					4544347E1F78B9AC007267FD = {
						CreatedOnToolsVersion = 9.0;
						ProvisioningStyle = Automatic;
					};
				};
			};
			buildConfigurationList = 4544347A1F78B9AC007267FD /* Build configuration list for PBXProject "WorkWithJSON" */;
			compatibilityVersion = "Xcode 8.0";
			developmentRegion = en;
			hasScannedForEncodings = 0;
			knownRegions = (
				en,
				Base,
			);
			mainGroup = 454434761F78B9AC007267FD;
			productRefGroup = 454434801F78B9AC007267FD /* Products */;
			projectDirPath = "";
			projectRoot = "";
			targets = (
				4544347E1F78B9AC007267FD /* WorkWithJSON */,
			);
		};
/* End PBXProject section */

/* Begin PBXResourcesBuildPhase section */
		4544347D1F78B9AC007267FD /* Resources */ = {
			isa = PBXResourcesBuildPhase;
			buildActionMask = 2147483647;
			files = (
				4544348D1F78B9AC007267FD /* LaunchScreen.storyboard in Resources */,
				4544348A1F78B9AC007267FD /* Assets.xcassets in Resources */,
				454434881F78B9AC007267FD /* Main.storyboard in Resources */,
			);
			runOnlyForDeploymentPostprocessing = 0;
		};
/* End PBXResourcesBuildPhase section */

/* Begin PBXSourcesBuildPhase section */
		4544347B1F78B9AC007267FD /* Sources */ = {
			isa = PBXSourcesBuildPhase;
			buildActionMask = 2147483647;
			files = (
				4544349E1F78C38D007267FD /* KivaCell.swift in Sources */,
				454434851F78B9AC007267FD /* KivaTableViewController.swift in Sources */,
				4544349C1F78BE51007267FD /* Loan.swift in Sources */,
				454434831F78B9AC007267FD /* AppDelegate.swift in Sources */,
			);
			runOnlyForDeploymentPostprocessing = 0;
		};
/* End PBXSourcesBuildPhase section */

/* Begin PBXVariantGroup section */
		454434861F78B9AC007267FD /* Main.storyboard */ = {
			isa = PBXVariantGroup;
			children = (
				454434871F78B9AC007267FD /* Base */,
			);
			name = Main.storyboard;
			sourceTree = "<group>";
		};
		4544348B1F78B9AC007267FD /* LaunchScreen.storyboard */ = {
			isa = PBXVariantGroup;
			children = (
				4544348C1F78B9AC007267FD /* Base */,
			);
			name = LaunchScreen.storyboard;
			sourceTree = "<group>";
		};
/* End PBXVariantGroup section */

/* Begin XCBuildConfiguration section */
		4544348F1F78B9AC007267FD /* Debug */ = {
			isa = XCBuildConfiguration;
			buildSettings = {
				ALWAYS_SEARCH_USER_PATHS = NO;
				CLANG_ANALYZER_NONNULL = YES;
				CLANG_ANALYZER_NUMBER_OBJECT_CONVERSION = YES_AGGRESSIVE;
				CLANG_CXX_LANGUAGE_STANDARD = "gnu++14";
				CLANG_CXX_LIBRARY = "libc++";
				CLANG_ENABLE_MODULES = YES;
				CLANG_ENABLE_OBJC_ARC = YES;
				CLANG_WARN_BLOCK_CAPTURE_AUTORELEASING = YES;
				CLANG_WARN_BOOL_CONVERSION = YES;
				CLANG_WARN_COMMA = YES;
				CLANG_WARN_CONSTANT_CONVERSION = YES;
				CLANG_WARN_DIRECT_OBJC_ISA_USAGE = YES_ERROR;
				CLANG_WARN_DOCUMENTATION_COMMENTS = YES;
				CLANG_WARN_EMPTY_BODY = YES;
				CLANG_WARN_ENUM_CONVERSION = YES;
				CLANG_WARN_INFINITE_RECURSION = YES;
				CLANG_WARN_INT_CONVERSION = YES;
				CLANG_WARN_NON_LITERAL_NULL_CONVERSION = YES;
				CLANG_WARN_OBJC_LITERAL_CONVERSION = YES;
				CLANG_WARN_OBJC_ROOT_CLASS = YES_ERROR;
				CLANG_WARN_RANGE_LOOP_ANALYSIS = YES;
				CLANG_WARN_STRICT_PROTOTYPES = YES;
				CLANG_WARN_SUSPICIOUS_MOVE = YES;
				CLANG_WARN_UNGUARDED_AVAILABILITY = YES_AGGRESSIVE;
				CLANG_WARN_UNREACHABLE_CODE = YES;
				CLANG_WARN__DUPLICATE_METHOD_MATCH = YES;
				CODE_SIGN_IDENTITY = "iPhone Developer";
				COPY_PHASE_STRIP = NO;
				DEBUG_INFORMATION_FORMAT = dwarf;
				ENABLE_STRICT_OBJC_MSGSEND = YES;
				ENABLE_TESTABILITY = YES;
				GCC_C_LANGUAGE_STANDARD = gnu11;
				GCC_DYNAMIC_NO_PIC = NO;
				GCC_NO_COMMON_BLOCKS = YES;
				GCC_OPTIMIZATION_LEVEL = 0;
				GCC_PREPROCESSOR_DEFINITIONS = (
					"DEBUG=1",
					"$(inherited)",
				);
				GCC_WARN_64_TO_32_BIT_CONVERSION = YES;
				GCC_WARN_ABOUT_RETURN_TYPE = YES_ERROR;
				GCC_WARN_UNDECLARED_SELECTOR = YES;
				GCC_WARN_UNINITIALIZED_AUTOS = YES_AGGRESSIVE;
				GCC_WARN_UNUSED_FUNCTION = YES;
				GCC_WARN_UNUSED_VARIABLE = YES;
				IPHONEOS_DEPLOYMENT_TARGET = 11.0;
				MTL_ENABLE_DEBUG_INFO = YES;
				ONLY_ACTIVE_ARCH = YES;
				SDKROOT = iphoneos;
				SWIFT_ACTIVE_COMPILATION_CONDITIONS = DEBUG;
				SWIFT_OPTIMIZATION_LEVEL = "-Onone";
			};
			name = Debug;
		};
		454434901F78B9AC007267FD /* Release */ = {
			isa = XCBuildConfiguration;
			buildSettings = {
				ALWAYS_SEARCH_USER_PATHS = NO;
				CLANG_ANALYZER_NONNULL = YES;
				CLANG_ANALYZER_NUMBER_OBJECT_CONVERSION = YES_AGGRESSIVE;
				CLANG_CXX_LANGUAGE_STANDARD = "gnu++14";
				CLANG_CXX_LIBRARY = "libc++";
				CLANG_ENABLE_MODULES = YES;
				CLANG_ENABLE_OBJC_ARC = YES;
				CLANG_WARN_BLOCK_CAPTURE_AUTORELEASING = YES;
				CLANG_WARN_BOOL_CONVERSION = YES;
				CLANG_WARN_COMMA = YES;
				CLANG_WARN_CONSTANT_CONVERSION = YES;
				CLANG_WARN_DIRECT_OBJC_ISA_USAGE = YES_ERROR;
				CLANG_WARN_DOCUMENTATION_COMMENTS = YES;
				CLANG_WARN_EMPTY_BODY = YES;
				CLANG_WARN_ENUM_CONVERSION = YES;
				CLANG_WARN_INFINITE_RECURSION = YES;
				CLANG_WARN_INT_CONVERSION = YES;
				CLANG_WARN_NON_LITERAL_NULL_CONVERSION = YES;
				CLANG_WARN_OBJC_LITERAL_CONVERSION = YES;
				CLANG_WARN_OBJC_ROOT_CLASS = YES_ERROR;
				CLANG_WARN_RANGE_LOOP_ANALYSIS = YES;
				CLANG_WARN_STRICT_PROTOTYPES = YES;
				CLANG_WARN_SUSPICIOUS_MOVE = YES;
				CLANG_WARN_UNGUARDED_AVAILABILITY = YES_AGGRESSIVE;
				CLANG_WARN_UNREACHABLE_CODE = YES;
				CLANG_WARN__DUPLICATE_METHOD_MATCH = YES;
				CODE_SIGN_IDENTITY = "iPhone Developer";
				COPY_PHASE_STRIP = NO;
				DEBUG_INFORMATION_FORMAT = "dwarf-with-dsym";
				ENABLE_NS_ASSERTIONS = NO;
				ENABLE_STRICT_OBJC_MSGSEND = YES;
				GCC_C_LANGUAGE_STANDARD = gnu11;
				GCC_NO_COMMON_BLOCKS = YES;
				GCC_WARN_64_TO_32_BIT_CONVERSION = YES;
				GCC_WARN_ABOUT_RETURN_TYPE = YES_ERROR;
				GCC_WARN_UNDECLARED_SELECTOR = YES;
				GCC_WARN_UNINITIALIZED_AUTOS = YES_AGGRESSIVE;
				GCC_WARN_UNUSED_FUNCTION = YES;
				GCC_WARN_UNUSED_VARIABLE = YES;
				IPHONEOS_DEPLOYMENT_TARGET = 11.0;
				MTL_ENABLE_DEBUG_INFO = NO;
				SDKROOT = iphoneos;
				SWIFT_OPTIMIZATION_LEVEL = "-Owholemodule";
				VALIDATE_PRODUCT = YES;
			};
			name = Release;
		};
		454434921F78B9AC007267FD /* Debug */ = {
			isa = XCBuildConfiguration;
			buildSettings = {
				ASSETCATALOG_COMPILER_APPICON_NAME = AppIcon;
				CODE_SIGN_STYLE = Automatic;
				DEVELOPMENT_TEAM = 9H46LQG73T;
				INFOPLIST_FILE = "$(SRCROOT)/WorkWithJSON/Resources/Info.plist";
				LD_RUNPATH_SEARCH_PATHS = "$(inherited) @executable_path/Frameworks";
				PRODUCT_BUNDLE_IDENTIFIER = com.DevXris.WorkWithJSON;
				PRODUCT_NAME = "$(TARGET_NAME)";
				SWIFT_VERSION = 4.0;
				TARGETED_DEVICE_FAMILY = "1,2";
			};
			name = Debug;
		};
		454434931F78B9AC007267FD /* Release */ = {
			isa = XCBuildConfiguration;
			buildSettings = {
				ASSETCATALOG_COMPILER_APPICON_NAME = AppIcon;
				CODE_SIGN_STYLE = Automatic;
				DEVELOPMENT_TEAM = 9H46LQG73T;
				INFOPLIST_FILE = "$(SRCROOT)/WorkWithJSON/Resources/Info.plist";
				LD_RUNPATH_SEARCH_PATHS = "$(inherited) @executable_path/Frameworks";
				PRODUCT_BUNDLE_IDENTIFIER = com.DevXris.WorkWithJSON;
				PRODUCT_NAME = "$(TARGET_NAME)";
				SWIFT_VERSION = 4.0;
				TARGETED_DEVICE_FAMILY = "1,2";
			};
			name = Release;
		};
/* End XCBuildConfiguration section */

/* Begin XCConfigurationList section */
		4544347A1F78B9AC007267FD /* Build configuration list for PBXProject "WorkWithJSON" */ = {
			isa = XCConfigurationList;
			buildConfigurations = (
				4544348F1F78B9AC007267FD /* Debug */,
				454434901F78B9AC007267FD /* Release */,
			);
			defaultConfigurationIsVisible = 0;
			defaultConfigurationName = Release;
		};
		454434911F78B9AC007267FD /* Build configuration list for PBXNativeTarget "WorkWithJSON" */ = {
			isa = XCConfigurationList;
			buildConfigurations = (
				454434921F78B9AC007267FD /* Debug */,
				454434931F78B9AC007267FD /* Release */,
			);
			defaultConfigurationIsVisible = 0;
			defaultConfigurationName = Release;
		};
/* End XCConfigurationList section */
	};
	rootObject = 454434771F78B9AC007267FD /* Project object */;
}
